lockfileVersion: 5.3

specifiers:
  bowser: ^2.11.0
  page-lifecycle: ^0.1.2
  typescript: ~4.6

dependencies:
  bowser: 2.11.0
  page-lifecycle: 0.1.2

devDependencies:
  typescript: 4.6.3

packages:

  /bowser/2.11.0:
    resolution: {integrity: sha512-AlcaJBi/pqqJBIQ8U9Mcpc9i8Aqxn88Skv5d+xBX006BY5u8N3mGLHa5Lgppa7L/HfwgwLgZ6NYs+Ag6uUmJRA==}
    dev: false

  /page-lifecycle/0.1.2:
    resolution: {integrity: sha512-+3uccYgL0CXG0KSXRxZi4uc2E6mqFWV5HqiJJgcnaJCiS0LqiuJ4vB420N21NFuLvuvLB4Jr5drgQ2NXAXF9Iw==}
    dev: false

  /typescript/4.6.3:
    resolution: {integrity: sha512-yNIatDa5iaofVozS/uQJEl3JRWLKKGJKh6Yaiv0GLGSuhpFJe7P3SbHZ8/yjAHRQwKRoA6YZqlfjXWmVzoVSMw==}
    engines: {node: '>=4.2.0'}
    hasBin: true
    dev: true
